
Microsoft Visual Studio Solution File, Format Version 12.00
# Visual Studio Version 17
VisualStudioVersion = 17.6.33829.357
MinimumVisualStudioVersion = 10.0.40219.1
Project("{FAE04EC0-301F-11D3-BF4B-00C04F79EFBC}") = "Wk6_DatabaseDemo", "Wk6_DatabaseDemo.csproj", "{51D35233-4D7B-4EEE-BFE3-0723F4FAA8D6}"
EndProject
Global
	GlobalSection(SolutionConfigurationPlatforms) = preSolution
		Debug|Any CPU = Debug|Any CPU
		Release|Any CPU = Release|Any CPU
	EndGlobalSection
	GlobalSection(ProjectConfigurationPlatforms) = postSolution
		{51D35233-4D7B-4EEE-BFE3-0723F4FAA8D6}.Debug|Any CPU.ActiveCfg = Debug|Any CPU
		{51D35233-4D7B-4EEE-BFE3-0723F4FAA8D6}.Debug|Any CPU.Build.0 = Debug|Any CPU
		{51D35233-4D7B-4EEE-BFE3-0723F4FAA8D6}.Release|Any CPU.ActiveCfg = Release|Any CPU
		{51D35233-4D7B-4EEE-BFE3-0723F4FAA8D6}.Release|Any CPU.Build.0 = Release|Any CPU
	EndGlobalSection
	GlobalSection(SolutionProperties) = preSolution
		HideSolutionNode = FALSE
	EndGlobalSection
	GlobalSection(ExtensibilityGlobals) = postSolution
		SolutionGuid = {0093BD20-9780-4068-899D-785DDC23D956}
	EndGlobalSection
EndGlobal
