
Microsoft Visual Studio Solution File, Format Version 12.00
# Visual Studio Version 17
VisualStudioVersion = 17.6.33829.357
MinimumVisualStudioVersion = 10.0.40219.1
Project("{FAE04EC0-301F-11D3-BF4B-00C04F79EFBC}") = "Wk6_HW", "Wk6_HW.csproj", "{FC9D6BDF-0872-4B99-A383-41489E6BA8D9}"
EndProject
Global
	GlobalSection(SolutionConfigurationPlatforms) = preSolution
		Debug|Any CPU = Debug|Any CPU
		Release|Any CPU = Release|Any CPU
	EndGlobalSection
	GlobalSection(ProjectConfigurationPlatforms) = postSolution
		{FC9D6BDF-0872-4B99-A383-41489E6BA8D9}.Debug|Any CPU.ActiveCfg = Debug|Any CPU
		{FC9D6BDF-0872-4B99-A383-41489E6BA8D9}.Debug|Any CPU.Build.0 = Debug|Any CPU
		{FC9D6BDF-0872-4B99-A383-41489E6BA8D9}.Release|Any CPU.ActiveCfg = Release|Any CPU
		{FC9D6BDF-0872-4B99-A383-41489E6BA8D9}.Release|Any CPU.Build.0 = Release|Any CPU
	EndGlobalSection
	GlobalSection(SolutionProperties) = preSolution
		HideSolutionNode = FALSE
	EndGlobalSection
	GlobalSection(ExtensibilityGlobals) = postSolution
		SolutionGuid = {8A44E04B-036C-49EA-85B1-6E40F7DF0EB5}
	EndGlobalSection
EndGlobal
